
Microsoft Visual Studio Solution File, Format Version 12.00
# Visual Studio Version 16
VisualStudioVersion = 16.0.30907.101
MinimumVisualStudioVersion = 10.0.40219.1
Project("{FAE04EC0-301F-11D3-BF4B-00C04F79EFBC}") = "HomeWork6", "HomeWork6\HomeWork6.csproj", "{9FB94293-36FE-480B-841B-590D5FF3EE6E}"
EndProject
Global
	GlobalSection(SolutionConfigurationPlatforms) = preSolution
		Debug|Any CPU = Debug|Any CPU
		Release|Any CPU = Release|Any CPU
	EndGlobalSection
	GlobalSection(ProjectConfigurationPlatforms) = postSolution
		{9FB94293-36FE-480B-841B-590D5FF3EE6E}.Debug|Any CPU.ActiveCfg = Debug|Any CPU
		{9FB94293-36FE-480B-841B-590D5FF3EE6E}.Debug|Any CPU.Build.0 = Debug|Any CPU
		{9FB94293-36FE-480B-841B-590D5FF3EE6E}.Release|Any CPU.ActiveCfg = Release|Any CPU
		{9FB94293-36FE-480B-841B-590D5FF3EE6E}.Release|Any CPU.Build.0 = Release|Any CPU
	EndGlobalSection
	GlobalSection(SolutionProperties) = preSolution
		HideSolutionNode = FALSE
	EndGlobalSection
	GlobalSection(ExtensibilityGlobals) = postSolution
		SolutionGuid = {6A53877B-7A25-4055-8D38-1A848292B6BF}
	EndGlobalSection
EndGlobal
